{
    "name": "@bradthomasbrown/ecdsa",
    "version": "1.0.3",
    "lockfileVersion": 3,
    "requires": true,
    "packages": {
        "": {
            "name": "@bradthomasbrown/ecdsa",
            "version": "1.0.3",
            "dependencies": {
                "@bradthomasbrown/finite-curve": "^2.2.0",
                "@bradthomasbrown/finite-domain": "^1.0.1"
            }
        },
        "node_modules/@bradthomasbrown/finite-curve": {
            "version": "2.2.0",
            "resolved": "https://registry.npmjs.org/@bradthomasbrown/finite-curve/-/finite-curve-2.2.0.tgz",
            "integrity": "sha512-tYC8Tf2S6xSUUrfSbx8eWXWj4Nz3w2AEYJJWnKnIXm1NxG32IuHucJWBFr56k1GbUD2byTzsAfupoRWngkhqmA==",
            "dependencies": {
                "@bradthomasbrown/finite-field": "^1.1.0"
            }
        },
        "node_modules/@bradthomasbrown/finite-domain": {
            "version": "1.0.1",
            "resolved": "https://registry.npmjs.org/@bradthomasbrown/finite-domain/-/finite-domain-1.0.1.tgz",
            "integrity": "sha512-BJK45oPF5/a7whKuFJLZoTJ1TB16Ih3UmongJYOBQU2OLSpsF3s51Qn4Mpp3E/1IqYGbXPDOuXO2pBT00mMvng==",
            "dependencies": {
                "@bradthomasbrown/finite-curve": "^2.0.1",
                "@bradthomasbrown/finite-field": "^1.1.0"
            }
        },
        "node_modules/@bradthomasbrown/finite-field": {
            "version": "1.1.0",
            "resolved": "https://registry.npmjs.org/@bradthomasbrown/finite-field/-/finite-field-1.1.0.tgz",
            "integrity": "sha512-UDkf6BrXUWenv/aCN0vKZe4T4FdqyHu6TEaz1GwyJ3BoLTrnMfK0yE2AppbEMn1IfK6fKxJEMfIjqIG9Yc0W/w=="
        }
    }
}
